
Microsoft Visual Studio Solution File, Format Version 12.00
# Visual Studio Version 17
VisualStudioVersion = 17.6.33815.320
MinimumVisualStudioVersion = 10.0.40219.1
Project("{FAE04EC0-301F-11D3-BF4B-00C04F79EFBC}") = "Game_Caro", "Game_Caro.csproj", "{2B5155A4-3147-4CD6-A8BD-33D4F2A7B800}"
EndProject
Global
	GlobalSection(SolutionConfigurationPlatforms) = preSolution
		Debug|Any CPU = Debug|Any CPU
		Release|Any CPU = Release|Any CPU
	EndGlobalSection
	GlobalSection(ProjectConfigurationPlatforms) = postSolution
		{2B5155A4-3147-4CD6-A8BD-33D4F2A7B800}.Debug|Any CPU.ActiveCfg = Debug|Any CPU
		{2B5155A4-3147-4CD6-A8BD-33D4F2A7B800}.Debug|Any CPU.Build.0 = Debug|Any CPU
		{2B5155A4-3147-4CD6-A8BD-33D4F2A7B800}.Release|Any CPU.ActiveCfg = Release|Any CPU
		{2B5155A4-3147-4CD6-A8BD-33D4F2A7B800}.Release|Any CPU.Build.0 = Release|Any CPU
	EndGlobalSection
	GlobalSection(SolutionProperties) = preSolution
		HideSolutionNode = FALSE
	EndGlobalSection
	GlobalSection(ExtensibilityGlobals) = postSolution
		SolutionGuid = {9480FF11-398E-47EE-AE37-D4E7D7D04A76}
	EndGlobalSection
EndGlobal
